// !$*UTF8*$!
{
	archiveVersion = 1;
	classes = {
	};
	objectVersion = 48;
	objects = {

/* Begin PBXBuildFile section */
		158006622498E9D400216D90 /* AppDelegate.m in Sources */ = {isa = PBXBuildFile; fileRef = 158006612498E9D400216D90 /* AppDelegate.m */; };
		158006652498E9D400216D90 /* ViewController.m in Sources */ = {isa = PBXBuildFile; fileRef = 158006642498E9D400216D90 /* ViewController.m */; };
		158006682498E9D400216D90 /* Main.storyboard in Resources */ = {isa = PBXBuildFile; fileRef = 158006662498E9D400216D90 /* Main.storyboard */; };
		1580066A2498E9D400216D90 /* Assets.xcassets in Resources */ = {isa = PBXBuildFile; fileRef = 158006692498E9D400216D90 /* Assets.xcassets */; };
		1580066D2498E9D400216D90 /* LaunchScreen.storyboard in Resources */ = {isa = PBXBuildFile; fileRef = 1580066B2498E9D400216D90 /* LaunchScreen.storyboard */; };
		158006702498E9D400216D90 /* main.m in Sources */ = {isa = PBXBuildFile; fileRef = 1580066F2498E9D400216D90 /* main.m */; };
		1580067A2498E9D500216D90 /* simpleChartTests.m in Sources */ = {isa = PBXBuildFile; fileRef = 158006792498E9D500216D90 /* simpleChartTests.m */; };
		158006852498E9D500216D90 /* simpleChartUITests.m in Sources */ = {isa = PBXBuildFile; fileRef = 158006842498E9D500216D90 /* simpleChartUITests.m */; };
		158006942498EA1200216D90 /* ColumnarView.m in Sources */ = {isa = PBXBuildFile; fileRef = 158006932498EA1200216D90 /* ColumnarView.m */; };
/* End PBXBuildFile section */

/* Begin PBXContainerItemProxy section */
		158006762498E9D500216D90 /* PBXContainerItemProxy */ = {
			isa = PBXContainerItemProxy;
			containerPortal = 158006552498E9D400216D90 /* Project object */;
			proxyType = 1;
			remoteGlobalIDString = 1580065C2498E9D400216D90;
			remoteInfo = simpleChart;
		};
		158006812498E9D500216D90 /* PBXContainerItemProxy */ = {
			isa = PBXContainerItemProxy;
			containerPortal = 158006552498E9D400216D90 /* Project object */;
			proxyType = 1;
			remoteGlobalIDString = 1580065C2498E9D400216D90;
			remoteInfo = simpleChart;
		};
/* End PBXContainerItemProxy section */

/* Begin PBXFileReference section */
		1580065D2498E9D400216D90 /* simpleChart.app */ = {isa = PBXFileReference; explicitFileType = wrapper.application; includeInIndex = 0; path = simpleChart.app; sourceTree = BUILT_PRODUCTS_DIR; };
		158006602498E9D400216D90 /* AppDelegate.h */ = {isa = PBXFileReference; lastKnownFileType = sourcecode.c.h; path = AppDelegate.h; sourceTree = "<group>"; };
		158006612498E9D400216D90 /* AppDelegate.m */ = {isa = PBXFileReference; lastKnownFileType = sourcecode.c.objc; path = AppDelegate.m; sourceTree = "<group>"; };
		158006632498E9D400216D90 /* ViewController.h */ = {isa = PBXFileReference; lastKnownFileType = sourcecode.c.h; path = ViewController.h; sourceTree = "<group>"; };
		158006642498E9D400216D90 /* ViewController.m */ = {isa = PBXFileReference; lastKnownFileType = sourcecode.c.objc; path = ViewController.m; sourceTree = "<group>"; };
		158006672498E9D400216D90 /* Base */ = {isa = PBXFileReference; lastKnownFileType = file.storyboard; name = Base; path = Base.lproj/Main.storyboard; sourceTree = "<group>"; };
		158006692498E9D400216D90 /* Assets.xcassets */ = {isa = PBXFileReference; lastKnownFileType = folder.assetcatalog; path = Assets.xcassets; sourceTree = "<group>"; };
		1580066C2498E9D400216D90 /* Base */ = {isa = PBXFileReference; lastKnownFileType = file.storyboard; name = Base; path = Base.lproj/LaunchScreen.storyboard; sourceTree = "<group>"; };
		1580066E2498E9D400216D90 /* Info.plist */ = {isa = PBXFileReference; lastKnownFileType = text.plist.xml; path = Info.plist; sourceTree = "<group>"; };
		1580066F2498E9D400216D90 /* main.m */ = {isa = PBXFileReference; lastKnownFileType = sourcecode.c.objc; path = main.m; sourceTree = "<group>"; };
		158006752498E9D500216D90 /* simpleChartTests.xctest */ = {isa = PBXFileReference; explicitFileType = wrapper.cfbundle; includeInIndex = 0; path = simpleChartTests.xctest; sourceTree = BUILT_PRODUCTS_DIR; };
		158006792498E9D500216D90 /* simpleChartTests.m */ = {isa = PBXFileReference; lastKnownFileType = sourcecode.c.objc; path = simpleChartTests.m; sourceTree = "<group>"; };
		1580067B2498E9D500216D90 /* Info.plist */ = {isa = PBXFileReference; lastKnownFileType = text.plist.xml; path = Info.plist; sourceTree = "<group>"; };
		158006802498E9D500216D90 /* simpleChartUITests.xctest */ = {isa = PBXFileReference; explicitFileType = wrapper.cfbundle; includeInIndex = 0; path = simpleChartUITests.xctest; sourceTree = BUILT_PRODUCTS_DIR; };
		158006842498E9D500216D90 /* simpleChartUITests.m */ = {isa = PBXFileReference; lastKnownFileType = sourcecode.c.objc; path = simpleChartUITests.m; sourceTree = "<group>"; };
		158006862498E9D500216D90 /* Info.plist */ = {isa = PBXFileReference; lastKnownFileType = text.plist.xml; path = Info.plist; sourceTree = "<group>"; };
		158006922498EA1200216D90 /* ColumnarView.h */ = {isa = PBXFileReference; lastKnownFileType = sourcecode.c.h; path = ColumnarView.h; sourceTree = "<group>"; };
		158006932498EA1200216D90 /* ColumnarView.m */ = {isa = PBXFileReference; lastKnownFileType = sourcecode.c.objc; path = ColumnarView.m; sourceTree = "<group>"; };
/* End PBXFileReference section */

/* Begin PBXFrameworksBuildPhase section */
		1580065A2498E9D400216D90 /* Frameworks */ = {
			isa = PBXFrameworksBuildPhase;
			buildActionMask = 2147483647;
			files = (
			);
			runOnlyForDeploymentPostprocessing = 0;
		};
		158006722498E9D500216D90 /* Frameworks */ = {
			isa = PBXFrameworksBuildPhase;
			buildActionMask = 2147483647;
			files = (
			);
			runOnlyForDeploymentPostprocessing = 0;
		};
		1580067D2498E9D500216D90 /* Frameworks */ = {
			isa = PBXFrameworksBuildPhase;
			buildActionMask = 2147483647;
			files = (
			);
			runOnlyForDeploymentPostprocessing = 0;
		};
/* End PBXFrameworksBuildPhase section */

/* Begin PBXGroup section */
		158006542498E9D400216D90 = {
			isa = PBXGroup;
			children = (
				1580065F2498E9D400216D90 /* simpleChart */,
				158006782498E9D500216D90 /* simpleChartTests */,
				158006832498E9D500216D90 /* simpleChartUITests */,
				1580065E2498E9D400216D90 /* Products */,
			);
			sourceTree = "<group>";
		};
		1580065E2498E9D400216D90 /* Products */ = {
			isa = PBXGroup;
			children = (
				1580065D2498E9D400216D90 /* simpleChart.app */,
				158006752498E9D500216D90 /* simpleChartTests.xctest */,
				158006802498E9D500216D90 /* simpleChartUITests.xctest */,
			);
			name = Products;
			sourceTree = "<group>";
		};
		1580065F2498E9D400216D90 /* simpleChart */ = {
			isa = PBXGroup;
			children = (
				158006602498E9D400216D90 /* AppDelegate.h */,
				158006612498E9D400216D90 /* AppDelegate.m */,
				158006632498E9D400216D90 /* ViewController.h */,
				158006642498E9D400216D90 /* ViewController.m */,
				158006922498EA1200216D90 /* ColumnarView.h */,
				158006932498EA1200216D90 /* ColumnarView.m */,
				158006662498E9D400216D90 /* Main.storyboard */,
				158006692498E9D400216D90 /* Assets.xcassets */,
				1580066B2498E9D400216D90 /* LaunchScreen.storyboard */,
				1580066E2498E9D400216D90 /* Info.plist */,
				1580066F2498E9D400216D90 /* main.m */,
			);
			path = simpleChart;
			sourceTree = "<group>";
		};
		158006782498E9D500216D90 /* simpleChartTests */ = {
			isa = PBXGroup;
			children = (
				158006792498E9D500216D90 /* simpleChartTests.m */,
				1580067B2498E9D500216D90 /* Info.plist */,
			);
			path = simpleChartTests;
			sourceTree = "<group>";
		};
		158006832498E9D500216D90 /* simpleChartUITests */ = {
			isa = PBXGroup;
			children = (
				158006842498E9D500216D90 /* simpleChartUITests.m */,
				158006862498E9D500216D90 /* Info.plist */,
			);
			path = simpleChartUITests;
			sourceTree = "<group>";
		};
/* End PBXGroup section */

/* Begin PBXNativeTarget section */
		1580065C2498E9D400216D90 /* simpleChart */ = {
			isa = PBXNativeTarget;
			buildConfigurationList = 158006892498E9D500216D90 /* Build configuration list for PBXNativeTarget "simpleChart" */;
			buildPhases = (
				158006592498E9D400216D90 /* Sources */,
				1580065A2498E9D400216D90 /* Frameworks */,
				1580065B2498E9D400216D90 /* Resources */,
			);
			buildRules = (
			);
			dependencies = (
			);
			name = simpleChart;
			productName = simpleChart;
			productReference = 1580065D2498E9D400216D90 /* simpleChart.app */;
			productType = "com.apple.product-type.application";
		};
		158006742498E9D500216D90 /* simpleChartTests */ = {
			isa = PBXNativeTarget;
			buildConfigurationList = 1580068C2498E9D500216D90 /* Build configuration list for PBXNativeTarget "simpleChartTests" */;
			buildPhases = (
				158006712498E9D500216D90 /* Sources */,
				158006722498E9D500216D90 /* Frameworks */,
				158006732498E9D500216D90 /* Resources */,
			);
			buildRules = (
			);
			dependencies = (
				158006772498E9D500216D90 /* PBXTargetDependency */,
			);
			name = simpleChartTests;
			productName = simpleChartTests;
			productReference = 158006752498E9D500216D90 /* simpleChartTests.xctest */;
			productType = "com.apple.product-type.bundle.unit-test";
		};
		1580067F2498E9D500216D90 /* simpleChartUITests */ = {
			isa = PBXNativeTarget;
			buildConfigurationList = 1580068F2498E9D500216D90 /* Build configuration list for PBXNativeTarget "simpleChartUITests" */;
			buildPhases = (
				1580067C2498E9D500216D90 /* Sources */,
				1580067D2498E9D500216D90 /* Frameworks */,
				1580067E2498E9D500216D90 /* Resources */,
			);
			buildRules = (
			);
			dependencies = (
				158006822498E9D500216D90 /* PBXTargetDependency */,
			);
			name = simpleChartUITests;
			productName = simpleChartUITests;
			productReference = 158006802498E9D500216D90 /* simpleChartUITests.xctest */;
			productType = "com.apple.product-type.bundle.ui-testing";
		};
/* End PBXNativeTarget section */

/* Begin PBXProject section */
		158006552498E9D400216D90 /* Project object */ = {
			isa = PBXProject;
			attributes = {
				LastUpgradeCheck = 0920;
				ORGANIZATIONNAME = pro;
				TargetAttributes = {
					1580065C2498E9D400216D90 = {
						CreatedOnToolsVersion = 9.2;
						ProvisioningStyle = Automatic;
					};
					158006742498E9D500216D90 = {
						CreatedOnToolsVersion = 9.2;
						ProvisioningStyle = Automatic;
						TestTargetID = 1580065C2498E9D400216D90;
					};
					1580067F2498E9D500216D90 = {
						CreatedOnToolsVersion = 9.2;
						ProvisioningStyle = Automatic;
						TestTargetID = 1580065C2498E9D400216D90;
					};
				};
			};
			buildConfigurationList = 158006582498E9D400216D90 /* Build configuration list for PBXProject "simpleChart" */;
			compatibilityVersion = "Xcode 8.0";
			developmentRegion = en;
			hasScannedForEncodings = 0;
			knownRegions = (
				en,
				Base,
			);
			mainGroup = 158006542498E9D400216D90;
			productRefGroup = 1580065E2498E9D400216D90 /* Products */;
			projectDirPath = "";
			projectRoot = "";
			targets = (
				1580065C2498E9D400216D90 /* simpleChart */,
				158006742498E9D500216D90 /* simpleChartTests */,
				1580067F2498E9D500216D90 /* simpleChartUITests */,
			);
		};
/* End PBXProject section */

/* Begin PBXResourcesBuildPhase section */
		1580065B2498E9D400216D90 /* Resources */ = {
			isa = PBXResourcesBuildPhase;
			buildActionMask = 2147483647;
			files = (
				1580066D2498E9D400216D90 /* LaunchScreen.storyboard in Resources */,
				1580066A2498E9D400216D90 /* Assets.xcassets in Resources */,
				158006682498E9D400216D90 /* Main.storyboard in Resources */,
			);
			runOnlyForDeploymentPostprocessing = 0;
		};
		158006732498E9D500216D90 /* Resources */ = {
			isa = PBXResourcesBuildPhase;
			buildActionMask = 2147483647;
			files = (
			);
			runOnlyForDeploymentPostprocessing = 0;
		};
		1580067E2498E9D500216D90 /* Resources */ = {
			isa = PBXResourcesBuildPhase;
			buildActionMask = 2147483647;
			files = (
			);
			runOnlyForDeploymentPostprocessing = 0;
		};
/* End PBXResourcesBuildPhase section */

/* Begin PBXSourcesBuildPhase section */
		158006592498E9D400216D90 /* Sources */ = {
			isa = PBXSourcesBuildPhase;
			buildActionMask = 2147483647;
			files = (
				158006652498E9D400216D90 /* ViewController.m in Sources */,
				158006942498EA1200216D90 /* ColumnarView.m in Sources */,
				158006702498E9D400216D90 /* main.m in Sources */,
				158006622498E9D400216D90 /* AppDelegate.m in Sources */,
			);
			runOnlyForDeploymentPostprocessing = 0;
		};
		158006712498E9D500216D90 /* Sources */ = {
			isa = PBXSourcesBuildPhase;
			buildActionMask = 2147483647;
			files = (
				1580067A2498E9D500216D90 /* simpleChartTests.m in Sources */,
			);
			runOnlyForDeploymentPostprocessing = 0;
		};
		1580067C2498E9D500216D90 /* Sources */ = {
			isa = PBXSourcesBuildPhase;
			buildActionMask = 2147483647;
			files = (
				158006852498E9D500216D90 /* simpleChartUITests.m in Sources */,
			);
			runOnlyForDeploymentPostprocessing = 0;
		};
/* End PBXSourcesBuildPhase section */

/* Begin PBXTargetDependency section */
		158006772498E9D500216D90 /* PBXTargetDependency */ = {
			isa = PBXTargetDependency;
			target = 1580065C2498E9D400216D90 /* simpleChart */;
			targetProxy = 158006762498E9D500216D90 /* PBXContainerItemProxy */;
		};
		158006822498E9D500216D90 /* PBXTargetDependency */ = {
			isa = PBXTargetDependency;
			target = 1580065C2498E9D400216D90 /* simpleChart */;
			targetProxy = 158006812498E9D500216D90 /* PBXContainerItemProxy */;
		};
/* End PBXTargetDependency section */

/* Begin PBXVariantGroup section */
		158006662498E9D400216D90 /* Main.storyboard */ = {
			isa = PBXVariantGroup;
			children = (
				158006672498E9D400216D90 /* Base */,
			);
			name = Main.storyboard;
			sourceTree = "<group>";
		};
		1580066B2498E9D400216D90 /* LaunchScreen.storyboard */ = {
			isa = PBXVariantGroup;
			children = (
				1580066C2498E9D400216D90 /* Base */,
			);
			name = LaunchScreen.storyboard;
			sourceTree = "<group>";
		};
/* End PBXVariantGroup section */

/* Begin XCBuildConfiguration section */
		158006872498E9D500216D90 /* Debug */ = {
			isa = XCBuildConfiguration;
			buildSettings = {
				ALWAYS_SEARCH_USER_PATHS = NO;
				CLANG_ANALYZER_NONNULL = YES;
				CLANG_ANALYZER_NUMBER_OBJECT_CONVERSION = YES_AGGRESSIVE;
				CLANG_CXX_LANGUAGE_STANDARD = "gnu++14";
				CLANG_CXX_LIBRARY = "libc++";
				CLANG_ENABLE_MODULES = YES;
				CLANG_ENABLE_OBJC_ARC = YES;
				CLANG_WARN_BLOCK_CAPTURE_AUTORELEASING = YES;
				CLANG_WARN_BOOL_CONVERSION = YES;
				CLANG_WARN_COMMA = YES;
				CLANG_WARN_CONSTANT_CONVERSION = YES;
				CLANG_WARN_DIRECT_OBJC_ISA_USAGE = YES_ERROR;
				CLANG_WARN_DOCUMENTATION_COMMENTS = YES;
				CLANG_WARN_EMPTY_BODY = YES;
				CLANG_WARN_ENUM_CONVERSION = YES;
				CLANG_WARN_INFINITE_RECURSION = YES;
				CLANG_WARN_INT_CONVERSION = YES;
				CLANG_WARN_NON_LITERAL_NULL_CONVERSION = YES;
				CLANG_WARN_OBJC_LITERAL_CONVERSION = YES;
				CLANG_WARN_OBJC_ROOT_CLASS = YES_ERROR;
				CLANG_WARN_RANGE_LOOP_ANALYSIS = YES;
				CLANG_WARN_STRICT_PROTOTYPES = YES;
				CLANG_WARN_SUSPICIOUS_MOVE = YES;
				CLANG_WARN_UNGUARDED_AVAILABILITY = YES_AGGRESSIVE;
				CLANG_WARN_UNREACHABLE_CODE = YES;
				CLANG_WARN__DUPLICATE_METHOD_MATCH = YES;
				CODE_SIGN_IDENTITY = "iPhone Developer";
				COPY_PHASE_STRIP = NO;
				DEBUG_INFORMATION_FORMAT = dwarf;
				ENABLE_STRICT_OBJC_MSGSEND = YES;
				ENABLE_TESTABILITY = YES;
				GCC_C_LANGUAGE_STANDARD = gnu11;
				GCC_DYNAMIC_NO_PIC = NO;
				GCC_NO_COMMON_BLOCKS = YES;
				GCC_OPTIMIZATION_LEVEL = 0;
				GCC_PREPROCESSOR_DEFINITIONS = (
					"DEBUG=1",
					"$(inherited)",
				);
				GCC_WARN_64_TO_32_BIT_CONVERSION = YES;
				GCC_WARN_ABOUT_RETURN_TYPE = YES_ERROR;
				GCC_WARN_UNDECLARED_SELECTOR = YES;
				GCC_WARN_UNINITIALIZED_AUTOS = YES_AGGRESSIVE;
				GCC_WARN_UNUSED_FUNCTION = YES;
				GCC_WARN_UNUSED_VARIABLE = YES;
				IPHONEOS_DEPLOYMENT_TARGET = 11.2;
				MTL_ENABLE_DEBUG_INFO = YES;
				ONLY_ACTIVE_ARCH = YES;
				SDKROOT = iphoneos;
			};
			name = Debug;
		};
		158006882498E9D500216D90 /* Release */ = {
			isa = XCBuildConfiguration;
			buildSettings = {
				ALWAYS_SEARCH_USER_PATHS = NO;
				CLANG_ANALYZER_NONNULL = YES;
				CLANG_ANALYZER_NUMBER_OBJECT_CONVERSION = YES_AGGRESSIVE;
				CLANG_CXX_LANGUAGE_STANDARD = "gnu++14";
				CLANG_CXX_LIBRARY = "libc++";
				CLANG_ENABLE_MODULES = YES;
				CLANG_ENABLE_OBJC_ARC = YES;
				CLANG_WARN_BLOCK_CAPTURE_AUTORELEASING = YES;
				CLANG_WARN_BOOL_CONVERSION = YES;
				CLANG_WARN_COMMA = YES;
				CLANG_WARN_CONSTANT_CONVERSION = YES;
				CLANG_WARN_DIRECT_OBJC_ISA_USAGE = YES_ERROR;
				CLANG_WARN_DOCUMENTATION_COMMENTS = YES;
				CLANG_WARN_EMPTY_BODY = YES;
				CLANG_WARN_ENUM_CONVERSION = YES;
				CLANG_WARN_INFINITE_RECURSION = YES;
				CLANG_WARN_INT_CONVERSION = YES;
				CLANG_WARN_NON_LITERAL_NULL_CONVERSION = YES;
				CLANG_WARN_OBJC_LITERAL_CONVERSION = YES;
				CLANG_WARN_OBJC_ROOT_CLASS = YES_ERROR;
				CLANG_WARN_RANGE_LOOP_ANALYSIS = YES;
				CLANG_WARN_STRICT_PROTOTYPES = YES;
				CLANG_WARN_SUSPICIOUS_MOVE = YES;
				CLANG_WARN_UNGUARDED_AVAILABILITY = YES_AGGRESSIVE;
				CLANG_WARN_UNREACHABLE_CODE = YES;
				CLANG_WARN__DUPLICATE_METHOD_MATCH = YES;
				CODE_SIGN_IDENTITY = "iPhone Developer";
				COPY_PHASE_STRIP = NO;
				DEBUG_INFORMATION_FORMAT = "dwarf-with-dsym";
				ENABLE_NS_ASSERTIONS = NO;
				ENABLE_STRICT_OBJC_MSGSEND = YES;
				GCC_C_LANGUAGE_STANDARD = gnu11;
				GCC_NO_COMMON_BLOCKS = YES;
				GCC_WARN_64_TO_32_BIT_CONVERSION = YES;
				GCC_WARN_ABOUT_RETURN_TYPE = YES_ERROR;
				GCC_WARN_UNDECLARED_SELECTOR = YES;
				GCC_WARN_UNINITIALIZED_AUTOS = YES_AGGRESSIVE;
				GCC_WARN_UNUSED_FUNCTION = YES;
				GCC_WARN_UNUSED_VARIABLE = YES;
				IPHONEOS_DEPLOYMENT_TARGET = 11.2;
				MTL_ENABLE_DEBUG_INFO = NO;
				SDKROOT = iphoneos;
				VALIDATE_PRODUCT = YES;
			};
			name = Release;
		};
		1580068A2498E9D500216D90 /* Debug */ = {
			isa = XCBuildConfiguration;
			buildSettings = {
				ASSETCATALOG_COMPILER_APPICON_NAME = AppIcon;
				CODE_SIGN_STYLE = Automatic;
				INFOPLIST_FILE = simpleChart/Info.plist;
				LD_RUNPATH_SEARCH_PATHS = "$(inherited) @executable_path/Frameworks";
				PRODUCT_BUNDLE_IDENTIFIER = zh.simpleChart;
				PRODUCT_NAME = "$(TARGET_NAME)";
				TARGETED_DEVICE_FAMILY = "1,2";
			};
			name = Debug;
		};
		1580068B2498E9D500216D90 /* Release */ = {
			isa = XCBuildConfiguration;
			buildSettings = {
				ASSETCATALOG_COMPILER_APPICON_NAME = AppIcon;
				CODE_SIGN_STYLE = Automatic;
				INFOPLIST_FILE = simpleChart/Info.plist;
				LD_RUNPATH_SEARCH_PATHS = "$(inherited) @executable_path/Frameworks";
				PRODUCT_BUNDLE_IDENTIFIER = zh.simpleChart;
				PRODUCT_NAME = "$(TARGET_NAME)";
				TARGETED_DEVICE_FAMILY = "1,2";
			};
			name = Release;
		};
		1580068D2498E9D500216D90 /* Debug */ = {
			isa = XCBuildConfiguration;
			buildSettings = {
				BUNDLE_LOADER = "$(TEST_HOST)";
				CODE_SIGN_STYLE = Automatic;
				INFOPLIST_FILE = simpleChartTests/Info.plist;
				LD_RUNPATH_SEARCH_PATHS = "$(inherited) @executable_path/Frameworks @loader_path/Frameworks";
				PRODUCT_BUNDLE_IDENTIFIER = zh.simpleChartTests;
				PRODUCT_NAME = "$(TARGET_NAME)";
				TARGETED_DEVICE_FAMILY = "1,2";
				TEST_HOST = "$(BUILT_PRODUCTS_DIR)/simpleChart.app/simpleChart";
			};
			name = Debug;
		};
		1580068E2498E9D500216D90 /* Release */ = {
			isa = XCBuildConfiguration;
			buildSettings = {
				BUNDLE_LOADER = "$(TEST_HOST)";
				CODE_SIGN_STYLE = Automatic;
				INFOPLIST_FILE = simpleChartTests/Info.plist;
				LD_RUNPATH_SEARCH_PATHS = "$(inherited) @executable_path/Frameworks @loader_path/Frameworks";
				PRODUCT_BUNDLE_IDENTIFIER = zh.simpleChartTests;
				PRODUCT_NAME = "$(TARGET_NAME)";
				TARGETED_DEVICE_FAMILY = "1,2";
				TEST_HOST = "$(BUILT_PRODUCTS_DIR)/simpleChart.app/simpleChart";
			};
			name = Release;
		};
		158006902498E9D500216D90 /* Debug */ = {
			isa = XCBuildConfiguration;
			buildSettings = {
				CODE_SIGN_STYLE = Automatic;
				INFOPLIST_FILE = simpleChartUITests/Info.plist;
				LD_RUNPATH_SEARCH_PATHS = "$(inherited) @executable_path/Frameworks @loader_path/Frameworks";
				PRODUCT_BUNDLE_IDENTIFIER = zh.simpleChartUITests;
				PRODUCT_NAME = "$(TARGET_NAME)";
				TARGETED_DEVICE_FAMILY = "1,2";
				TEST_TARGET_NAME = simpleChart;
			};
			name = Debug;
		};
		158006912498E9D500216D90 /* Release */ = {
			isa = XCBuildConfiguration;
			buildSettings = {
				CODE_SIGN_STYLE = Automatic;
				INFOPLIST_FILE = simpleChartUITests/Info.plist;
				LD_RUNPATH_SEARCH_PATHS = "$(inherited) @executable_path/Frameworks @loader_path/Frameworks";
				PRODUCT_BUNDLE_IDENTIFIER = zh.simpleChartUITests;
				PRODUCT_NAME = "$(TARGET_NAME)";
				TARGETED_DEVICE_FAMILY = "1,2";
				TEST_TARGET_NAME = simpleChart;
			};
			name = Release;
		};
/* End XCBuildConfiguration section */

/* Begin XCConfigurationList section */
		158006582498E9D400216D90 /* Build configuration list for PBXProject "simpleChart" */ = {
			isa = XCConfigurationList;
			buildConfigurations = (
				158006872498E9D500216D90 /* Debug */,
				158006882498E9D500216D90 /* Release */,
			);
			defaultConfigurationIsVisible = 0;
			defaultConfigurationName = Release;
		};
		158006892498E9D500216D90 /* Build configuration list for PBXNativeTarget "simpleChart" */ = {
			isa = XCConfigurationList;
			buildConfigurations = (
				1580068A2498E9D500216D90 /* Debug */,
				1580068B2498E9D500216D90 /* Release */,
			);
			defaultConfigurationIsVisible = 0;
			defaultConfigurationName = Release;
		};
		1580068C2498E9D500216D90 /* Build configuration list for PBXNativeTarget "simpleChartTests" */ = {
			isa = XCConfigurationList;
			buildConfigurations = (
				1580068D2498E9D500216D90 /* Debug */,
				1580068E2498E9D500216D90 /* Release */,
			);
			defaultConfigurationIsVisible = 0;
			defaultConfigurationName = Release;
		};
		1580068F2498E9D500216D90 /* Build configuration list for PBXNativeTarget "simpleChartUITests" */ = {
			isa = XCConfigurationList;
			buildConfigurations = (
				158006902498E9D500216D90 /* Debug */,
				158006912498E9D500216D90 /* Release */,
			);
			defaultConfigurationIsVisible = 0;
			defaultConfigurationName = Release;
		};
/* End XCConfigurationList section */
	};
	rootObject = 158006552498E9D400216D90 /* Project object */;
}
